
Microsoft Visual Studio Solution File, Format Version 12.00
# Visual Studio Version 17
VisualStudioVersion = 17.9.34714.143
MinimumVisualStudioVersion = 10.0.40219.1
Project("{9A19103F-16F7-4668-BE54-9A1E7A4F7556}") = "AnketPortali", "AnketPortali\AnketPortali.csproj", "{252835AB-2D92-44FD-9589-B8B44666D75F}"
EndProject
Global
	GlobalSection(SolutionConfigurationPlatforms) = preSolution
		Debug|Any CPU = Debug|Any CPU
		Release|Any CPU = Release|Any CPU
	EndGlobalSection
	GlobalSection(ProjectConfigurationPlatforms) = postSolution
		{252835AB-2D92-44FD-9589-B8B44666D75F}.Debug|Any CPU.ActiveCfg = Debug|Any CPU
		{252835AB-2D92-44FD-9589-B8B44666D75F}.Debug|Any CPU.Build.0 = Debug|Any CPU
		{252835AB-2D92-44FD-9589-B8B44666D75F}.Release|Any CPU.ActiveCfg = Release|Any CPU
		{252835AB-2D92-44FD-9589-B8B44666D75F}.Release|Any CPU.Build.0 = Release|Any CPU
	EndGlobalSection
	GlobalSection(SolutionProperties) = preSolution
		HideSolutionNode = FALSE
	EndGlobalSection
	GlobalSection(ExtensibilityGlobals) = postSolution
		SolutionGuid = {04AEE6F5-2C73-4FAD-8024-0BDCA50E9534}
	EndGlobalSection
EndGlobal
